// !$*UTF8*$!
{
	archiveVersion = 1;
	classes = {
	};
	objectVersion = 50;
	objects = {

/* Begin PBXBuildFile section */
		821F77ED2228B2550064F7E6 /* AppDelegate.swift in Sources */ = {isa = PBXBuildFile; fileRef = 821F77EC2228B2550064F7E6 /* AppDelegate.swift */; };
		821F77EF2228B2550064F7E6 /* ViewController.swift in Sources */ = {isa = PBXBuildFile; fileRef = 821F77EE2228B2550064F7E6 /* ViewController.swift */; };
		821F77F22228B2550064F7E6 /* Main.storyboard in Resources */ = {isa = PBXBuildFile; fileRef = 821F77F02228B2550064F7E6 /* Main.storyboard */; };
		821F77F42228B2570064F7E6 /* Assets.xcassets in Resources */ = {isa = PBXBuildFile; fileRef = 821F77F32228B2570064F7E6 /* Assets.xcassets */; };
		821F77F72228B2570064F7E6 /* LaunchScreen.storyboard in Resources */ = {isa = PBXBuildFile; fileRef = 821F77F52228B2570064F7E6 /* LaunchScreen.storyboard */; };
		821F78022228B2570064F7E6 /* WeatherTests.swift in Sources */ = {isa = PBXBuildFile; fileRef = 821F78012228B2570064F7E6 /* WeatherTests.swift */; };
		829898E1222D99BC00F73B19 /* WeatherTableViewCell.swift in Sources */ = {isa = PBXBuildFile; fileRef = 829898E0222D99BC00F73B19 /* WeatherTableViewCell.swift */; };
		829898E3222DA0AC00F73B19 /* Weather.swift in Sources */ = {isa = PBXBuildFile; fileRef = 829898E2222DA0AC00F73B19 /* Weather.swift */; };
		829898E7222DA38E00F73B19 /* WeatherTableViewController.swift in Sources */ = {isa = PBXBuildFile; fileRef = 829898E6222DA38E00F73B19 /* WeatherTableViewController.swift */; };
		829898E9222DB18600F73B19 /* ForecastTableViewController.swift in Sources */ = {isa = PBXBuildFile; fileRef = 829898E8222DB18600F73B19 /* ForecastTableViewController.swift */; };
		829898EB222DB25500F73B19 /* ForecastTableViewCell.swift in Sources */ = {isa = PBXBuildFile; fileRef = 829898EA222DB25500F73B19 /* ForecastTableViewCell.swift */; };
		829898ED222DD46100F73B19 /* TodayWeather.swift in Sources */ = {isa = PBXBuildFile; fileRef = 829898EC222DD46100F73B19 /* TodayWeather.swift */; };
		829898EF222DD47A00F73B19 /* ForecastWeather.swift in Sources */ = {isa = PBXBuildFile; fileRef = 829898EE222DD47A00F73B19 /* ForecastWeather.swift */; };
/* End PBXBuildFile section */

/* Begin PBXContainerItemProxy section */
		821F77FE2228B2570064F7E6 /* PBXContainerItemProxy */ = {
			isa = PBXContainerItemProxy;
			containerPortal = 821F77E12228B2550064F7E6 /* Project object */;
			proxyType = 1;
			remoteGlobalIDString = 821F77E82228B2550064F7E6;
			remoteInfo = Weather;
		};
/* End PBXContainerItemProxy section */

/* Begin PBXFileReference section */
		821F77E92228B2550064F7E6 /* Weather.app */ = {isa = PBXFileReference; explicitFileType = wrapper.application; includeInIndex = 0; path = Weather.app; sourceTree = BUILT_PRODUCTS_DIR; };
		821F77EC2228B2550064F7E6 /* AppDelegate.swift */ = {isa = PBXFileReference; lastKnownFileType = sourcecode.swift; path = AppDelegate.swift; sourceTree = "<group>"; };
		821F77EE2228B2550064F7E6 /* ViewController.swift */ = {isa = PBXFileReference; lastKnownFileType = sourcecode.swift; path = ViewController.swift; sourceTree = "<group>"; };
		821F77F12228B2550064F7E6 /* Base */ = {isa = PBXFileReference; lastKnownFileType = file.storyboard; name = Base; path = Base.lproj/Main.storyboard; sourceTree = "<group>"; };
		821F77F32228B2570064F7E6 /* Assets.xcassets */ = {isa = PBXFileReference; lastKnownFileType = folder.assetcatalog; path = Assets.xcassets; sourceTree = "<group>"; };
		821F77F62228B2570064F7E6 /* Base */ = {isa = PBXFileReference; lastKnownFileType = file.storyboard; name = Base; path = Base.lproj/LaunchScreen.storyboard; sourceTree = "<group>"; };
		821F77F82228B2570064F7E6 /* Info.plist */ = {isa = PBXFileReference; lastKnownFileType = text.plist.xml; path = Info.plist; sourceTree = "<group>"; };
		821F77FD2228B2570064F7E6 /* WeatherTests.xctest */ = {isa = PBXFileReference; explicitFileType = wrapper.cfbundle; includeInIndex = 0; path = WeatherTests.xctest; sourceTree = BUILT_PRODUCTS_DIR; };
		821F78012228B2570064F7E6 /* WeatherTests.swift */ = {isa = PBXFileReference; lastKnownFileType = sourcecode.swift; path = WeatherTests.swift; sourceTree = "<group>"; };
		821F78032228B2570064F7E6 /* Info.plist */ = {isa = PBXFileReference; lastKnownFileType = text.plist.xml; path = Info.plist; sourceTree = "<group>"; };
		829898E0222D99BC00F73B19 /* WeatherTableViewCell.swift */ = {isa = PBXFileReference; lastKnownFileType = sourcecode.swift; path = WeatherTableViewCell.swift; sourceTree = "<group>"; };
		829898E2222DA0AC00F73B19 /* Weather.swift */ = {isa = PBXFileReference; lastKnownFileType = sourcecode.swift; path = Weather.swift; sourceTree = "<group>"; };
		829898E6222DA38E00F73B19 /* WeatherTableViewController.swift */ = {isa = PBXFileReference; lastKnownFileType = sourcecode.swift; path = WeatherTableViewController.swift; sourceTree = "<group>"; };
		829898E8222DB18600F73B19 /* ForecastTableViewController.swift */ = {isa = PBXFileReference; lastKnownFileType = sourcecode.swift; path = ForecastTableViewController.swift; sourceTree = "<group>"; };
		829898EA222DB25500F73B19 /* ForecastTableViewCell.swift */ = {isa = PBXFileReference; lastKnownFileType = sourcecode.swift; path = ForecastTableViewCell.swift; sourceTree = "<group>"; };
		829898EC222DD46100F73B19 /* TodayWeather.swift */ = {isa = PBXFileReference; lastKnownFileType = sourcecode.swift; path = TodayWeather.swift; sourceTree = "<group>"; };
		829898EE222DD47A00F73B19 /* ForecastWeather.swift */ = {isa = PBXFileReference; lastKnownFileType = sourcecode.swift; path = ForecastWeather.swift; sourceTree = "<group>"; };
/* End PBXFileReference section */

/* Begin PBXFrameworksBuildPhase section */
		821F77E62228B2550064F7E6 /* Frameworks */ = {
			isa = PBXFrameworksBuildPhase;
			buildActionMask = 2147483647;
			files = (
			);
			runOnlyForDeploymentPostprocessing = 0;
		};
		821F77FA2228B2570064F7E6 /* Frameworks */ = {
			isa = PBXFrameworksBuildPhase;
			buildActionMask = 2147483647;
			files = (
			);
			runOnlyForDeploymentPostprocessing = 0;
		};
/* End PBXFrameworksBuildPhase section */

/* Begin PBXGroup section */
		821F77E02228B2550064F7E6 = {
			isa = PBXGroup;
			children = (
				821F77EB2228B2550064F7E6 /* Weather */,
				821F78002228B2570064F7E6 /* WeatherTests */,
				821F77EA2228B2550064F7E6 /* Products */,
			);
			sourceTree = "<group>";
		};
		821F77EA2228B2550064F7E6 /* Products */ = {
			isa = PBXGroup;
			children = (
				821F77E92228B2550064F7E6 /* Weather.app */,
				821F77FD2228B2570064F7E6 /* WeatherTests.xctest */,
			);
			name = Products;
			sourceTree = "<group>";
		};
		821F77EB2228B2550064F7E6 /* Weather */ = {
			isa = PBXGroup;
			children = (
				829898EC222DD46100F73B19 /* TodayWeather.swift */,
				829898E6222DA38E00F73B19 /* WeatherTableViewController.swift */,
				829898E0222D99BC00F73B19 /* WeatherTableViewCell.swift */,
				821F77EC2228B2550064F7E6 /* AppDelegate.swift */,
				821F77EE2228B2550064F7E6 /* ViewController.swift */,
				821F77F02228B2550064F7E6 /* Main.storyboard */,
				829898EA222DB25500F73B19 /* ForecastTableViewCell.swift */,
				829898E8222DB18600F73B19 /* ForecastTableViewController.swift */,
				829898E2222DA0AC00F73B19 /* Weather.swift */,
				821F77F32228B2570064F7E6 /* Assets.xcassets */,
				821F77F52228B2570064F7E6 /* LaunchScreen.storyboard */,
				821F77F82228B2570064F7E6 /* Info.plist */,
				829898EE222DD47A00F73B19 /* ForecastWeather.swift */,
			);
			path = Weather;
			sourceTree = "<group>";
		};
		821F78002228B2570064F7E6 /* WeatherTests */ = {
			isa = PBXGroup;
			children = (
				821F78012228B2570064F7E6 /* WeatherTests.swift */,
				821F78032228B2570064F7E6 /* Info.plist */,
			);
			path = WeatherTests;
			sourceTree = "<group>";
		};
/* End PBXGroup section */

/* Begin PBXNativeTarget section */
		821F77E82228B2550064F7E6 /* Weather */ = {
			isa = PBXNativeTarget;
			buildConfigurationList = 821F78062228B2570064F7E6 /* Build configuration list for PBXNativeTarget "Weather" */;
			buildPhases = (
				821F77E52228B2550064F7E6 /* Sources */,
				821F77E62228B2550064F7E6 /* Frameworks */,
				821F77E72228B2550064F7E6 /* Resources */,
			);
			buildRules = (
			);
			dependencies = (
			);
			name = Weather;
			productName = Weather;
			productReference = 821F77E92228B2550064F7E6 /* Weather.app */;
			productType = "com.apple.product-type.application";
		};
		821F77FC2228B2570064F7E6 /* WeatherTests */ = {
			isa = PBXNativeTarget;
			buildConfigurationList = 821F78092228B2570064F7E6 /* Build configuration list for PBXNativeTarget "WeatherTests" */;
			buildPhases = (
				821F77F92228B2570064F7E6 /* Sources */,
				821F77FA2228B2570064F7E6 /* Frameworks */,
				821F77FB2228B2570064F7E6 /* Resources */,
			);
			buildRules = (
			);
			dependencies = (
				821F77FF2228B2570064F7E6 /* PBXTargetDependency */,
			);
			name = WeatherTests;
			productName = WeatherTests;
			productReference = 821F77FD2228B2570064F7E6 /* WeatherTests.xctest */;
			productType = "com.apple.product-type.bundle.unit-test";
		};
/* End PBXNativeTarget section */

/* Begin PBXProject section */
		821F77E12228B2550064F7E6 /* Project object */ = {
			isa = PBXProject;
			attributes = {
				LastSwiftUpdateCheck = 0940;
				LastUpgradeCheck = 0940;
				ORGANIZATIONNAME = "Google LLC.";
				TargetAttributes = {
					821F77E82228B2550064F7E6 = {
						CreatedOnToolsVersion = 9.4.1;
					};
					821F77FC2228B2570064F7E6 = {
						CreatedOnToolsVersion = 9.4.1;
						TestTargetID = 821F77E82228B2550064F7E6;
					};
				};
			};
			buildConfigurationList = 821F77E42228B2550064F7E6 /* Build configuration list for PBXProject "Weather" */;
			compatibilityVersion = "Xcode 9.3";
			developmentRegion = en;
			hasScannedForEncodings = 0;
			knownRegions = (
				en,
				Base,
			);
			mainGroup = 821F77E02228B2550064F7E6;
			productRefGroup = 821F77EA2228B2550064F7E6 /* Products */;
			projectDirPath = "";
			projectRoot = "";
			targets = (
				821F77E82228B2550064F7E6 /* Weather */,
				821F77FC2228B2570064F7E6 /* WeatherTests */,
			);
		};
/* End PBXProject section */

/* Begin PBXResourcesBuildPhase section */
		821F77E72228B2550064F7E6 /* Resources */ = {
			isa = PBXResourcesBuildPhase;
			buildActionMask = 2147483647;
			files = (
				821F77F72228B2570064F7E6 /* LaunchScreen.storyboard in Resources */,
				821F77F42228B2570064F7E6 /* Assets.xcassets in Resources */,
				821F77F22228B2550064F7E6 /* Main.storyboard in Resources */,
			);
			runOnlyForDeploymentPostprocessing = 0;
		};
		821F77FB2228B2570064F7E6 /* Resources */ = {
			isa = PBXResourcesBuildPhase;
			buildActionMask = 2147483647;
			files = (
			);
			runOnlyForDeploymentPostprocessing = 0;
		};
/* End PBXResourcesBuildPhase section */

/* Begin PBXSourcesBuildPhase section */
		821F77E52228B2550064F7E6 /* Sources */ = {
			isa = PBXSourcesBuildPhase;
			buildActionMask = 2147483647;
			files = (
				829898E9222DB18600F73B19 /* ForecastTableViewController.swift in Sources */,
				829898E3222DA0AC00F73B19 /* Weather.swift in Sources */,
				829898E7222DA38E00F73B19 /* WeatherTableViewController.swift in Sources */,
				829898E1222D99BC00F73B19 /* WeatherTableViewCell.swift in Sources */,
				829898EB222DB25500F73B19 /* ForecastTableViewCell.swift in Sources */,
				821F77EF2228B2550064F7E6 /* ViewController.swift in Sources */,
				829898EF222DD47A00F73B19 /* ForecastWeather.swift in Sources */,
				829898ED222DD46100F73B19 /* TodayWeather.swift in Sources */,
				821F77ED2228B2550064F7E6 /* AppDelegate.swift in Sources */,
			);
			runOnlyForDeploymentPostprocessing = 0;
		};
		821F77F92228B2570064F7E6 /* Sources */ = {
			isa = PBXSourcesBuildPhase;
			buildActionMask = 2147483647;
			files = (
				821F78022228B2570064F7E6 /* WeatherTests.swift in Sources */,
			);
			runOnlyForDeploymentPostprocessing = 0;
		};
/* End PBXSourcesBuildPhase section */

/* Begin PBXTargetDependency section */
		821F77FF2228B2570064F7E6 /* PBXTargetDependency */ = {
			isa = PBXTargetDependency;
			target = 821F77E82228B2550064F7E6 /* Weather */;
			targetProxy = 821F77FE2228B2570064F7E6 /* PBXContainerItemProxy */;
		};
/* End PBXTargetDependency section */

/* Begin PBXVariantGroup section */
		821F77F02228B2550064F7E6 /* Main.storyboard */ = {
			isa = PBXVariantGroup;
			children = (
				821F77F12228B2550064F7E6 /* Base */,
			);
			name = Main.storyboard;
			sourceTree = "<group>";
		};
		821F77F52228B2570064F7E6 /* LaunchScreen.storyboard */ = {
			isa = PBXVariantGroup;
			children = (
				821F77F62228B2570064F7E6 /* Base */,
			);
			name = LaunchScreen.storyboard;
			sourceTree = "<group>";
		};
/* End PBXVariantGroup section */

/* Begin XCBuildConfiguration section */
		821F78042228B2570064F7E6 /* Debug */ = {
			isa = XCBuildConfiguration;
			buildSettings = {
				ALWAYS_SEARCH_USER_PATHS = NO;
				CLANG_ANALYZER_NONNULL = YES;
				CLANG_ANALYZER_NUMBER_OBJECT_CONVERSION = YES_AGGRESSIVE;
				CLANG_CXX_LANGUAGE_STANDARD = "gnu++14";
				CLANG_CXX_LIBRARY = "libc++";
				CLANG_ENABLE_MODULES = YES;
				CLANG_ENABLE_OBJC_ARC = YES;
				CLANG_ENABLE_OBJC_WEAK = YES;
				CLANG_WARN_BLOCK_CAPTURE_AUTORELEASING = YES;
				CLANG_WARN_BOOL_CONVERSION = YES;
				CLANG_WARN_COMMA = YES;
				CLANG_WARN_CONSTANT_CONVERSION = YES;
				CLANG_WARN_DEPRECATED_OBJC_IMPLEMENTATIONS = YES;
				CLANG_WARN_DIRECT_OBJC_ISA_USAGE = YES_ERROR;
				CLANG_WARN_DOCUMENTATION_COMMENTS = YES;
				CLANG_WARN_EMPTY_BODY = YES;
				CLANG_WARN_ENUM_CONVERSION = YES;
				CLANG_WARN_INFINITE_RECURSION = YES;
				CLANG_WARN_INT_CONVERSION = YES;
				CLANG_WARN_NON_LITERAL_NULL_CONVERSION = YES;
				CLANG_WARN_OBJC_IMPLICIT_RETAIN_SELF = YES;
				CLANG_WARN_OBJC_LITERAL_CONVERSION = YES;
				CLANG_WARN_OBJC_ROOT_CLASS = YES_ERROR;
				CLANG_WARN_RANGE_LOOP_ANALYSIS = YES;
				CLANG_WARN_STRICT_PROTOTYPES = YES;
				CLANG_WARN_SUSPICIOUS_MOVE = YES;
				CLANG_WARN_UNGUARDED_AVAILABILITY = YES_AGGRESSIVE;
				CLANG_WARN_UNREACHABLE_CODE = YES;
				CLANG_WARN__DUPLICATE_METHOD_MATCH = YES;
				CODE_SIGN_IDENTITY = "iPhone Developer";
				COPY_PHASE_STRIP = NO;
				DEBUG_INFORMATION_FORMAT = dwarf;
				ENABLE_STRICT_OBJC_MSGSEND = YES;
				ENABLE_TESTABILITY = YES;
				GCC_C_LANGUAGE_STANDARD = gnu11;
				GCC_DYNAMIC_NO_PIC = NO;
				GCC_NO_COMMON_BLOCKS = YES;
				GCC_OPTIMIZATION_LEVEL = 0;
				GCC_PREPROCESSOR_DEFINITIONS = (
					"DEBUG=1",
					"$(inherited)",
				);
				GCC_WARN_64_TO_32_BIT_CONVERSION = YES;
				GCC_WARN_ABOUT_RETURN_TYPE = YES_ERROR;
				GCC_WARN_UNDECLARED_SELECTOR = YES;
				GCC_WARN_UNINITIALIZED_AUTOS = YES_AGGRESSIVE;
				GCC_WARN_UNUSED_FUNCTION = YES;
				GCC_WARN_UNUSED_VARIABLE = YES;
				IPHONEOS_DEPLOYMENT_TARGET = 11.4;
				MTL_ENABLE_DEBUG_INFO = YES;
				ONLY_ACTIVE_ARCH = YES;
				SDKROOT = iphoneos;
				SWIFT_ACTIVE_COMPILATION_CONDITIONS = DEBUG;
				SWIFT_OPTIMIZATION_LEVEL = "-Onone";
			};
			name = Debug;
		};
		821F78052228B2570064F7E6 /* Release */ = {
			isa = XCBuildConfiguration;
			buildSettings = {
				ALWAYS_SEARCH_USER_PATHS = NO;
				CLANG_ANALYZER_NONNULL = YES;
				CLANG_ANALYZER_NUMBER_OBJECT_CONVERSION = YES_AGGRESSIVE;
				CLANG_CXX_LANGUAGE_STANDARD = "gnu++14";
				CLANG_CXX_LIBRARY = "libc++";
				CLANG_ENABLE_MODULES = YES;
				CLANG_ENABLE_OBJC_ARC = YES;
				CLANG_ENABLE_OBJC_WEAK = YES;
				CLANG_WARN_BLOCK_CAPTURE_AUTORELEASING = YES;
				CLANG_WARN_BOOL_CONVERSION = YES;
				CLANG_WARN_COMMA = YES;
				CLANG_WARN_CONSTANT_CONVERSION = YES;
				CLANG_WARN_DEPRECATED_OBJC_IMPLEMENTATIONS = YES;
				CLANG_WARN_DIRECT_OBJC_ISA_USAGE = YES_ERROR;
				CLANG_WARN_DOCUMENTATION_COMMENTS = YES;
				CLANG_WARN_EMPTY_BODY = YES;
				CLANG_WARN_ENUM_CONVERSION = YES;
				CLANG_WARN_INFINITE_RECURSION = YES;
				CLANG_WARN_INT_CONVERSION = YES;
				CLANG_WARN_NON_LITERAL_NULL_CONVERSION = YES;
				CLANG_WARN_OBJC_IMPLICIT_RETAIN_SELF = YES;
				CLANG_WARN_OBJC_LITERAL_CONVERSION = YES;
				CLANG_WARN_OBJC_ROOT_CLASS = YES_ERROR;
				CLANG_WARN_RANGE_LOOP_ANALYSIS = YES;
				CLANG_WARN_STRICT_PROTOTYPES = YES;
				CLANG_WARN_SUSPICIOUS_MOVE = YES;
				CLANG_WARN_UNGUARDED_AVAILABILITY = YES_AGGRESSIVE;
				CLANG_WARN_UNREACHABLE_CODE = YES;
				CLANG_WARN__DUPLICATE_METHOD_MATCH = YES;
				CODE_SIGN_IDENTITY = "iPhone Developer";
				COPY_PHASE_STRIP = NO;
				DEBUG_INFORMATION_FORMAT = "dwarf-with-dsym";
				ENABLE_NS_ASSERTIONS = NO;
				ENABLE_STRICT_OBJC_MSGSEND = YES;
				GCC_C_LANGUAGE_STANDARD = gnu11;
				GCC_NO_COMMON_BLOCKS = YES;
				GCC_WARN_64_TO_32_BIT_CONVERSION = YES;
				GCC_WARN_ABOUT_RETURN_TYPE = YES_ERROR;
				GCC_WARN_UNDECLARED_SELECTOR = YES;
				GCC_WARN_UNINITIALIZED_AUTOS = YES_AGGRESSIVE;
				GCC_WARN_UNUSED_FUNCTION = YES;
				GCC_WARN_UNUSED_VARIABLE = YES;
				IPHONEOS_DEPLOYMENT_TARGET = 11.4;
				MTL_ENABLE_DEBUG_INFO = NO;
				SDKROOT = iphoneos;
				SWIFT_COMPILATION_MODE = wholemodule;
				SWIFT_OPTIMIZATION_LEVEL = "-O";
				VALIDATE_PRODUCT = YES;
			};
			name = Release;
		};
		821F78072228B2570064F7E6 /* Debug */ = {
			isa = XCBuildConfiguration;
			buildSettings = {
				ASSETCATALOG_COMPILER_APPICON_NAME = AppIcon;
				CODE_SIGN_STYLE = Automatic;
				INFOPLIST_FILE = Weather/Info.plist;
				LD_RUNPATH_SEARCH_PATHS = (
					"$(inherited)",
					"@executable_path/Frameworks",
				);
				PRODUCT_BUNDLE_IDENTIFIER = com.google.firestore.demoapp.Weather;
				PRODUCT_NAME = "$(TARGET_NAME)";
				SWIFT_VERSION = 4.0;
				TARGETED_DEVICE_FAMILY = "1,2";
			};
			name = Debug;
		};
		821F78082228B2570064F7E6 /* Release */ = {
			isa = XCBuildConfiguration;
			buildSettings = {
				ASSETCATALOG_COMPILER_APPICON_NAME = AppIcon;
				CODE_SIGN_STYLE = Automatic;
				INFOPLIST_FILE = Weather/Info.plist;
				LD_RUNPATH_SEARCH_PATHS = (
					"$(inherited)",
					"@executable_path/Frameworks",
				);
				PRODUCT_BUNDLE_IDENTIFIER = com.google.firestore.demoapp.Weather;
				PRODUCT_NAME = "$(TARGET_NAME)";
				SWIFT_VERSION = 4.0;
				TARGETED_DEVICE_FAMILY = "1,2";
			};
			name = Release;
		};
		821F780A2228B2570064F7E6 /* Debug */ = {
			isa = XCBuildConfiguration;
			buildSettings = {
				ALWAYS_EMBED_SWIFT_STANDARD_LIBRARIES = YES;
				BUNDLE_LOADER = "$(TEST_HOST)";
				CODE_SIGN_STYLE = Automatic;
				INFOPLIST_FILE = WeatherTests/Info.plist;
				LD_RUNPATH_SEARCH_PATHS = (
					"$(inherited)",
					"@executable_path/Frameworks",
					"@loader_path/Frameworks",
				);
				PRODUCT_BUNDLE_IDENTIFIER = com.google.firestore.demoapp.WeatherTests;
				PRODUCT_NAME = "$(TARGET_NAME)";
				SWIFT_VERSION = 4.0;
				TARGETED_DEVICE_FAMILY = "1,2";
				TEST_HOST = "$(BUILT_PRODUCTS_DIR)/Weather.app/Weather";
			};
			name = Debug;
		};
		821F780B2228B2570064F7E6 /* Release */ = {
			isa = XCBuildConfiguration;
			buildSettings = {
				ALWAYS_EMBED_SWIFT_STANDARD_LIBRARIES = YES;
				BUNDLE_LOADER = "$(TEST_HOST)";
				CODE_SIGN_STYLE = Automatic;
				INFOPLIST_FILE = WeatherTests/Info.plist;
				LD_RUNPATH_SEARCH_PATHS = (
					"$(inherited)",
					"@executable_path/Frameworks",
					"@loader_path/Frameworks",
				);
				PRODUCT_BUNDLE_IDENTIFIER = com.google.firestore.demoapp.WeatherTests;
				PRODUCT_NAME = "$(TARGET_NAME)";
				SWIFT_VERSION = 4.0;
				TARGETED_DEVICE_FAMILY = "1,2";
				TEST_HOST = "$(BUILT_PRODUCTS_DIR)/Weather.app/Weather";
			};
			name = Release;
		};
/* End XCBuildConfiguration section */

/* Begin XCConfigurationList section */
		821F77E42228B2550064F7E6 /* Build configuration list for PBXProject "Weather" */ = {
			isa = XCConfigurationList;
			buildConfigurations = (
				821F78042228B2570064F7E6 /* Debug */,
				821F78052228B2570064F7E6 /* Release */,
			);
			defaultConfigurationIsVisible = 0;
			defaultConfigurationName = Release;
		};
		821F78062228B2570064F7E6 /* Build configuration list for PBXNativeTarget "Weather" */ = {
			isa = XCConfigurationList;
			buildConfigurations = (
				821F78072228B2570064F7E6 /* Debug */,
				821F78082228B2570064F7E6 /* Release */,
			);
			defaultConfigurationIsVisible = 0;
			defaultConfigurationName = Release;
		};
		821F78092228B2570064F7E6 /* Build configuration list for PBXNativeTarget "WeatherTests" */ = {
			isa = XCConfigurationList;
			buildConfigurations = (
				821F780A2228B2570064F7E6 /* Debug */,
				821F780B2228B2570064F7E6 /* Release */,
			);
			defaultConfigurationIsVisible = 0;
			defaultConfigurationName = Release;
		};
/* End XCConfigurationList section */
	};
	rootObject = 821F77E12228B2550064F7E6 /* Project object */;
}
